
Microsoft Visual Studio Solution File, Format Version 12.00
# Visual Studio Version 17
VisualStudioVersion = 17.8.34330.188
MinimumVisualStudioVersion = 10.0.40219.1
Project("{FAE04EC0-301F-11D3-BF4B-00C04F79EFBC}") = "ModelosDeClases", "ModelosDeClases\ModelosDeClases.csproj", "{36852EBF-23CC-460F-97D7-BEBD52264CE5}"
EndProject
Project("{FAE04EC0-301F-11D3-BF4B-00C04F79EFBC}") = "FormBack", "FormBack\FormBack.csproj", "{F03A2A33-2326-4181-88A2-172590633599}"
EndProject
Project("{FAE04EC0-301F-11D3-BF4B-00C04F79EFBC}") = "ApiFormula1", "ApiFormula1\ApiFormula1.csproj", "{B801956B-32C8-4F89-BE76-B68D7C073C59}"
EndProject
Global
	GlobalSection(SolutionConfigurationPlatforms) = preSolution
		Debug|Any CPU = Debug|Any CPU
		Release|Any CPU = Release|Any CPU
	EndGlobalSection
	GlobalSection(ProjectConfigurationPlatforms) = postSolution
		{36852EBF-23CC-460F-97D7-BEBD52264CE5}.Debug|Any CPU.ActiveCfg = Debug|Any CPU
		{36852EBF-23CC-460F-97D7-BEBD52264CE5}.Debug|Any CPU.Build.0 = Debug|Any CPU
		{36852EBF-23CC-460F-97D7-BEBD52264CE5}.Release|Any CPU.ActiveCfg = Release|Any CPU
		{36852EBF-23CC-460F-97D7-BEBD52264CE5}.Release|Any CPU.Build.0 = Release|Any CPU
		{F03A2A33-2326-4181-88A2-172590633599}.Debug|Any CPU.ActiveCfg = Debug|Any CPU
		{F03A2A33-2326-4181-88A2-172590633599}.Debug|Any CPU.Build.0 = Debug|Any CPU
		{F03A2A33-2326-4181-88A2-172590633599}.Release|Any CPU.ActiveCfg = Release|Any CPU
		{F03A2A33-2326-4181-88A2-172590633599}.Release|Any CPU.Build.0 = Release|Any CPU
		{B801956B-32C8-4F89-BE76-B68D7C073C59}.Debug|Any CPU.ActiveCfg = Debug|Any CPU
		{B801956B-32C8-4F89-BE76-B68D7C073C59}.Debug|Any CPU.Build.0 = Debug|Any CPU
		{B801956B-32C8-4F89-BE76-B68D7C073C59}.Release|Any CPU.ActiveCfg = Release|Any CPU
		{B801956B-32C8-4F89-BE76-B68D7C073C59}.Release|Any CPU.Build.0 = Release|Any CPU
	EndGlobalSection
	GlobalSection(SolutionProperties) = preSolution
		HideSolutionNode = FALSE
	EndGlobalSection
	GlobalSection(ExtensibilityGlobals) = postSolution
		SolutionGuid = {549275BA-3B63-45C3-B306-56AECE2F28FB}
	EndGlobalSection
EndGlobal
