
Microsoft Visual Studio Solution File, Format Version 12.00
# Visual Studio Version 17
VisualStudioVersion = 17.8.34330.188
MinimumVisualStudioVersion = 10.0.40219.1
Project("{9A19103F-16F7-4668-BE54-9A1E7A4F7556}") = "ClassLibrary1", "ClassLibrary1\ClassLibrary1.csproj", "{B43B48B8-1A8B-4C1F-8BCC-047F1565E9E9}"
EndProject
Project("{9A19103F-16F7-4668-BE54-9A1E7A4F7556}") = "WebApplication1", "WebApplication1\WebApplication1.csproj", "{F05F401A-5B85-430E-BFA3-D26FB938A32A}"
EndProject
Project("{FAE04EC0-301F-11D3-BF4B-00C04F79EFBC}") = "WinFormsApp1", "WinFormsApp1\WinFormsApp1.csproj", "{7362C650-BE88-49D7-B68D-D880B0ED63AF}"
EndProject
Global
	GlobalSection(SolutionConfigurationPlatforms) = preSolution
		Debug|Any CPU = Debug|Any CPU
		Release|Any CPU = Release|Any CPU
	EndGlobalSection
	GlobalSection(ProjectConfigurationPlatforms) = postSolution
		{B43B48B8-1A8B-4C1F-8BCC-047F1565E9E9}.Debug|Any CPU.ActiveCfg = Debug|Any CPU
		{B43B48B8-1A8B-4C1F-8BCC-047F1565E9E9}.Debug|Any CPU.Build.0 = Debug|Any CPU
		{B43B48B8-1A8B-4C1F-8BCC-047F1565E9E9}.Release|Any CPU.ActiveCfg = Release|Any CPU
		{B43B48B8-1A8B-4C1F-8BCC-047F1565E9E9}.Release|Any CPU.Build.0 = Release|Any CPU
		{F05F401A-5B85-430E-BFA3-D26FB938A32A}.Debug|Any CPU.ActiveCfg = Debug|Any CPU
		{F05F401A-5B85-430E-BFA3-D26FB938A32A}.Debug|Any CPU.Build.0 = Debug|Any CPU
		{F05F401A-5B85-430E-BFA3-D26FB938A32A}.Release|Any CPU.ActiveCfg = Release|Any CPU
		{F05F401A-5B85-430E-BFA3-D26FB938A32A}.Release|Any CPU.Build.0 = Release|Any CPU
		{7362C650-BE88-49D7-B68D-D880B0ED63AF}.Debug|Any CPU.ActiveCfg = Debug|Any CPU
		{7362C650-BE88-49D7-B68D-D880B0ED63AF}.Debug|Any CPU.Build.0 = Debug|Any CPU
		{7362C650-BE88-49D7-B68D-D880B0ED63AF}.Release|Any CPU.ActiveCfg = Release|Any CPU
		{7362C650-BE88-49D7-B68D-D880B0ED63AF}.Release|Any CPU.Build.0 = Release|Any CPU
	EndGlobalSection
	GlobalSection(SolutionProperties) = preSolution
		HideSolutionNode = FALSE
	EndGlobalSection
	GlobalSection(ExtensibilityGlobals) = postSolution
		SolutionGuid = {8F8C6242-085C-460E-9B19-B62ED66B78F2}
	EndGlobalSection
EndGlobal
